
Microsoft Visual Studio Solution File, Format Version 12.00
Project("{FAE04EC0-301F-11D3-BF4B-00C04F79EFBC}") = "BytejamApi", "BytejamApi.csproj", "{2ECC0A33-7BA0-41A6-B905-6DF25C3E7AAD}"
EndProject
Global
	GlobalSection(SolutionConfigurationPlatforms) = preSolution
		Debug|Any CPU = Debug|Any CPU
		Release|Any CPU = Release|Any CPU
	EndGlobalSection
	GlobalSection(ProjectConfigurationPlatforms) = postSolution
		{2ECC0A33-7BA0-41A6-B905-6DF25C3E7AAD}.Debug|Any CPU.ActiveCfg = Debug|Any CPU
		{2ECC0A33-7BA0-41A6-B905-6DF25C3E7AAD}.Debug|Any CPU.Build.0 = Debug|Any CPU
		{2ECC0A33-7BA0-41A6-B905-6DF25C3E7AAD}.Release|Any CPU.ActiveCfg = Release|Any CPU
		{2ECC0A33-7BA0-41A6-B905-6DF25C3E7AAD}.Release|Any CPU.Build.0 = Release|Any CPU
	EndGlobalSection
EndGlobal
